// !$*UTF8*$!
{
	archiveVersion = 1;
	classes = {
	};
	objectVersion = 56;
	objects = {

/* Begin PBXBuildFile section */
		C8603F972B6A7D3E00C130E5 /* SwiftUITutorialApp.swift in Sources */ = {isa = PBXBuildFile; fileRef = C8603F962B6A7D3E00C130E5 /* SwiftUITutorialApp.swift */; };
		C8603F992B6A7D3E00C130E5 /* ContentView.swift in Sources */ = {isa = PBXBuildFile; fileRef = C8603F982B6A7D3E00C130E5 /* ContentView.swift */; };
		C8603F9B2B6A7D3F00C130E5 /* Assets.xcassets in Resources */ = {isa = PBXBuildFile; fileRef = C8603F9A2B6A7D3F00C130E5 /* Assets.xcassets */; };
		C8603F9E2B6A7D3F00C130E5 /* Preview Assets.xcassets in Resources */ = {isa = PBXBuildFile; fileRef = C8603F9D2B6A7D3F00C130E5 /* Preview Assets.xcassets */; };
		C8603FA82B6A7D3F00C130E5 /* SwiftUITutorialTests.swift in Sources */ = {isa = PBXBuildFile; fileRef = C8603FA72B6A7D3F00C130E5 /* SwiftUITutorialTests.swift */; };
		C8603FB22B6A7D3F00C130E5 /* SwiftUITutorialUITests.swift in Sources */ = {isa = PBXBuildFile; fileRef = C8603FB12B6A7D3F00C130E5 /* SwiftUITutorialUITests.swift */; };
		C8603FB42B6A7D3F00C130E5 /* SwiftUITutorialUITestsLaunchTests.swift in Sources */ = {isa = PBXBuildFile; fileRef = C8603FB32B6A7D3F00C130E5 /* SwiftUITutorialUITestsLaunchTests.swift */; };
		C8603FC42B6A7F8800C130E5 /* FoodMenuView.swift in Sources */ = {isa = PBXBuildFile; fileRef = C8603FC32B6A7F8800C130E5 /* FoodMenuView.swift */; };
		C8603FC62B6A7FD800C130E5 /* FetchMenuModelManager.swift in Sources */ = {isa = PBXBuildFile; fileRef = C8603FC52B6A7FD800C130E5 /* FetchMenuModelManager.swift */; };
		C8603FC82B6A815C00C130E5 /* MenuItem.swift in Sources */ = {isa = PBXBuildFile; fileRef = C8603FC72B6A815C00C130E5 /* MenuItem.swift */; };
		C8603FCB2B6A83B600C130E5 /* menu.json in Resources */ = {isa = PBXBuildFile; fileRef = C8603FCA2B6A83B600C130E5 /* menu.json */; };
		C8603FCD2B6A8C9E00C130E5 /* FoodMenuViewModel.swift in Sources */ = {isa = PBXBuildFile; fileRef = C8603FCC2B6A8C9E00C130E5 /* FoodMenuViewModel.swift */; };
/* End PBXBuildFile section */

/* Begin PBXContainerItemProxy section */
		C8603FA42B6A7D3F00C130E5 /* PBXContainerItemProxy */ = {
			isa = PBXContainerItemProxy;
			containerPortal = C8603F8B2B6A7D3E00C130E5 /* Project object */;
			proxyType = 1;
			remoteGlobalIDString = C8603F922B6A7D3E00C130E5;
			remoteInfo = SwiftUITutorial;
		};
		C8603FAE2B6A7D3F00C130E5 /* PBXContainerItemProxy */ = {
			isa = PBXContainerItemProxy;
			containerPortal = C8603F8B2B6A7D3E00C130E5 /* Project object */;
			proxyType = 1;
			remoteGlobalIDString = C8603F922B6A7D3E00C130E5;
			remoteInfo = SwiftUITutorial;
		};
/* End PBXContainerItemProxy section */

/* Begin PBXFileReference section */
		C8603F932B6A7D3E00C130E5 /* SwiftUITutorial.app */ = {isa = PBXFileReference; explicitFileType = wrapper.application; includeInIndex = 0; path = SwiftUITutorial.app; sourceTree = BUILT_PRODUCTS_DIR; };
		C8603F962B6A7D3E00C130E5 /* SwiftUITutorialApp.swift */ = {isa = PBXFileReference; lastKnownFileType = sourcecode.swift; path = SwiftUITutorialApp.swift; sourceTree = "<group>"; };
		C8603F982B6A7D3E00C130E5 /* ContentView.swift */ = {isa = PBXFileReference; lastKnownFileType = sourcecode.swift; path = ContentView.swift; sourceTree = "<group>"; };
		C8603F9A2B6A7D3F00C130E5 /* Assets.xcassets */ = {isa = PBXFileReference; lastKnownFileType = folder.assetcatalog; path = Assets.xcassets; sourceTree = "<group>"; };
		C8603F9D2B6A7D3F00C130E5 /* Preview Assets.xcassets */ = {isa = PBXFileReference; lastKnownFileType = folder.assetcatalog; path = "Preview Assets.xcassets"; sourceTree = "<group>"; };
		C8603FA32B6A7D3F00C130E5 /* SwiftUITutorialTests.xctest */ = {isa = PBXFileReference; explicitFileType = wrapper.cfbundle; includeInIndex = 0; path = SwiftUITutorialTests.xctest; sourceTree = BUILT_PRODUCTS_DIR; };
		C8603FA72B6A7D3F00C130E5 /* SwiftUITutorialTests.swift */ = {isa = PBXFileReference; lastKnownFileType = sourcecode.swift; path = SwiftUITutorialTests.swift; sourceTree = "<group>"; };
		C8603FAD2B6A7D3F00C130E5 /* SwiftUITutorialUITests.xctest */ = {isa = PBXFileReference; explicitFileType = wrapper.cfbundle; includeInIndex = 0; path = SwiftUITutorialUITests.xctest; sourceTree = BUILT_PRODUCTS_DIR; };
		C8603FB12B6A7D3F00C130E5 /* SwiftUITutorialUITests.swift */ = {isa = PBXFileReference; lastKnownFileType = sourcecode.swift; path = SwiftUITutorialUITests.swift; sourceTree = "<group>"; };
		C8603FB32B6A7D3F00C130E5 /* SwiftUITutorialUITestsLaunchTests.swift */ = {isa = PBXFileReference; lastKnownFileType = sourcecode.swift; path = SwiftUITutorialUITestsLaunchTests.swift; sourceTree = "<group>"; };
		C8603FC32B6A7F8800C130E5 /* FoodMenuView.swift */ = {isa = PBXFileReference; lastKnownFileType = sourcecode.swift; path = FoodMenuView.swift; sourceTree = "<group>"; };
		C8603FC52B6A7FD800C130E5 /* FetchMenuModelManager.swift */ = {isa = PBXFileReference; lastKnownFileType = sourcecode.swift; path = FetchMenuModelManager.swift; sourceTree = "<group>"; };
		C8603FC72B6A815C00C130E5 /* MenuItem.swift */ = {isa = PBXFileReference; lastKnownFileType = sourcecode.swift; path = MenuItem.swift; sourceTree = "<group>"; };
		C8603FCA2B6A83B600C130E5 /* menu.json */ = {isa = PBXFileReference; fileEncoding = 4; lastKnownFileType = text.json; path = menu.json; sourceTree = "<group>"; };
		C8603FCC2B6A8C9E00C130E5 /* FoodMenuViewModel.swift */ = {isa = PBXFileReference; lastKnownFileType = sourcecode.swift; path = FoodMenuViewModel.swift; sourceTree = "<group>"; };
/* End PBXFileReference section */

/* Begin PBXFrameworksBuildPhase section */
		C8603F902B6A7D3E00C130E5 /* Frameworks */ = {
			isa = PBXFrameworksBuildPhase;
			buildActionMask = 2147483647;
			files = (
			);
			runOnlyForDeploymentPostprocessing = 0;
		};
		C8603FA02B6A7D3F00C130E5 /* Frameworks */ = {
			isa = PBXFrameworksBuildPhase;
			buildActionMask = 2147483647;
			files = (
			);
			runOnlyForDeploymentPostprocessing = 0;
		};
		C8603FAA2B6A7D3F00C130E5 /* Frameworks */ = {
			isa = PBXFrameworksBuildPhase;
			buildActionMask = 2147483647;
			files = (
			);
			runOnlyForDeploymentPostprocessing = 0;
		};
/* End PBXFrameworksBuildPhase section */

/* Begin PBXGroup section */
		C8603F8A2B6A7D3E00C130E5 = {
			isa = PBXGroup;
			children = (
				C8603F952B6A7D3E00C130E5 /* SwiftUITutorial */,
				C8603FA62B6A7D3F00C130E5 /* SwiftUITutorialTests */,
				C8603FB02B6A7D3F00C130E5 /* SwiftUITutorialUITests */,
				C8603F942B6A7D3E00C130E5 /* Products */,
			);
			sourceTree = "<group>";
		};
		C8603F942B6A7D3E00C130E5 /* Products */ = {
			isa = PBXGroup;
			children = (
				C8603F932B6A7D3E00C130E5 /* SwiftUITutorial.app */,
				C8603FA32B6A7D3F00C130E5 /* SwiftUITutorialTests.xctest */,
				C8603FAD2B6A7D3F00C130E5 /* SwiftUITutorialUITests.xctest */,
			);
			name = Products;
			sourceTree = "<group>";
		};
		C8603F952B6A7D3E00C130E5 /* SwiftUITutorial */ = {
			isa = PBXGroup;
			children = (
				C8603FC22B6A7F7500C130E5 /* FoodMenu */,
				C8603F962B6A7D3E00C130E5 /* SwiftUITutorialApp.swift */,
				C8603F982B6A7D3E00C130E5 /* ContentView.swift */,
				C8603FC92B6A83A600C130E5 /* Resources */,
				C8603F9A2B6A7D3F00C130E5 /* Assets.xcassets */,
				C8603F9C2B6A7D3F00C130E5 /* Preview Content */,
			);
			path = SwiftUITutorial;
			sourceTree = "<group>";
		};
		C8603F9C2B6A7D3F00C130E5 /* Preview Content */ = {
			isa = PBXGroup;
			children = (
				C8603F9D2B6A7D3F00C130E5 /* Preview Assets.xcassets */,
			);
			path = "Preview Content";
			sourceTree = "<group>";
		};
		C8603FA62B6A7D3F00C130E5 /* SwiftUITutorialTests */ = {
			isa = PBXGroup;
			children = (
				C8603FA72B6A7D3F00C130E5 /* SwiftUITutorialTests.swift */,
			);
			path = SwiftUITutorialTests;
			sourceTree = "<group>";
		};
		C8603FB02B6A7D3F00C130E5 /* SwiftUITutorialUITests */ = {
			isa = PBXGroup;
			children = (
				C8603FB12B6A7D3F00C130E5 /* SwiftUITutorialUITests.swift */,
				C8603FB32B6A7D3F00C130E5 /* SwiftUITutorialUITestsLaunchTests.swift */,
			);
			path = SwiftUITutorialUITests;
			sourceTree = "<group>";
		};
		C8603FC22B6A7F7500C130E5 /* FoodMenu */ = {
			isa = PBXGroup;
			children = (
				C8603FC32B6A7F8800C130E5 /* FoodMenuView.swift */,
				C8603FC52B6A7FD800C130E5 /* FetchMenuModelManager.swift */,
				C8603FC72B6A815C00C130E5 /* MenuItem.swift */,
				C8603FCC2B6A8C9E00C130E5 /* FoodMenuViewModel.swift */,
			);
			path = FoodMenu;
			sourceTree = "<group>";
		};
		C8603FC92B6A83A600C130E5 /* Resources */ = {
			isa = PBXGroup;
			children = (
				C8603FCA2B6A83B600C130E5 /* menu.json */,
			);
			path = Resources;
			sourceTree = "<group>";
		};
/* End PBXGroup section */

/* Begin PBXNativeTarget section */
		C8603F922B6A7D3E00C130E5 /* SwiftUITutorial */ = {
			isa = PBXNativeTarget;
			buildConfigurationList = C8603FB72B6A7D3F00C130E5 /* Build configuration list for PBXNativeTarget "SwiftUITutorial" */;
			buildPhases = (
				C8603F8F2B6A7D3E00C130E5 /* Sources */,
				C8603F902B6A7D3E00C130E5 /* Frameworks */,
				C8603F912B6A7D3E00C130E5 /* Resources */,
			);
			buildRules = (
			);
			dependencies = (
			);
			name = SwiftUITutorial;
			productName = SwiftUITutorial;
			productReference = C8603F932B6A7D3E00C130E5 /* SwiftUITutorial.app */;
			productType = "com.apple.product-type.application";
		};
		C8603FA22B6A7D3F00C130E5 /* SwiftUITutorialTests */ = {
			isa = PBXNativeTarget;
			buildConfigurationList = C8603FBA2B6A7D3F00C130E5 /* Build configuration list for PBXNativeTarget "SwiftUITutorialTests" */;
			buildPhases = (
				C8603F9F2B6A7D3F00C130E5 /* Sources */,
				C8603FA02B6A7D3F00C130E5 /* Frameworks */,
				C8603FA12B6A7D3F00C130E5 /* Resources */,
			);
			buildRules = (
			);
			dependencies = (
				C8603FA52B6A7D3F00C130E5 /* PBXTargetDependency */,
			);
			name = SwiftUITutorialTests;
			productName = SwiftUITutorialTests;
			productReference = C8603FA32B6A7D3F00C130E5 /* SwiftUITutorialTests.xctest */;
			productType = "com.apple.product-type.bundle.unit-test";
		};
		C8603FAC2B6A7D3F00C130E5 /* SwiftUITutorialUITests */ = {
			isa = PBXNativeTarget;
			buildConfigurationList = C8603FBD2B6A7D3F00C130E5 /* Build configuration list for PBXNativeTarget "SwiftUITutorialUITests" */;
			buildPhases = (
				C8603FA92B6A7D3F00C130E5 /* Sources */,
				C8603FAA2B6A7D3F00C130E5 /* Frameworks */,
				C8603FAB2B6A7D3F00C130E5 /* Resources */,
			);
			buildRules = (
			);
			dependencies = (
				C8603FAF2B6A7D3F00C130E5 /* PBXTargetDependency */,
			);
			name = SwiftUITutorialUITests;
			productName = SwiftUITutorialUITests;
			productReference = C8603FAD2B6A7D3F00C130E5 /* SwiftUITutorialUITests.xctest */;
			productType = "com.apple.product-type.bundle.ui-testing";
		};
/* End PBXNativeTarget section */

/* Begin PBXProject section */
		C8603F8B2B6A7D3E00C130E5 /* Project object */ = {
			isa = PBXProject;
			attributes = {
				BuildIndependentTargetsInParallel = 1;
				LastSwiftUpdateCheck = 1520;
				LastUpgradeCheck = 1520;
				TargetAttributes = {
					C8603F922B6A7D3E00C130E5 = {
						CreatedOnToolsVersion = 15.2;
					};
					C8603FA22B6A7D3F00C130E5 = {
						CreatedOnToolsVersion = 15.2;
						TestTargetID = C8603F922B6A7D3E00C130E5;
					};
					C8603FAC2B6A7D3F00C130E5 = {
						CreatedOnToolsVersion = 15.2;
						TestTargetID = C8603F922B6A7D3E00C130E5;
					};
				};
			};
			buildConfigurationList = C8603F8E2B6A7D3E00C130E5 /* Build configuration list for PBXProject "SwiftUITutorial" */;
			compatibilityVersion = "Xcode 14.0";
			developmentRegion = en;
			hasScannedForEncodings = 0;
			knownRegions = (
				en,
				Base,
			);
			mainGroup = C8603F8A2B6A7D3E00C130E5;
			productRefGroup = C8603F942B6A7D3E00C130E5 /* Products */;
			projectDirPath = "";
			projectRoot = "";
			targets = (
				C8603F922B6A7D3E00C130E5 /* SwiftUITutorial */,
				C8603FA22B6A7D3F00C130E5 /* SwiftUITutorialTests */,
				C8603FAC2B6A7D3F00C130E5 /* SwiftUITutorialUITests */,
			);
		};
/* End PBXProject section */

/* Begin PBXResourcesBuildPhase section */
		C8603F912B6A7D3E00C130E5 /* Resources */ = {
			isa = PBXResourcesBuildPhase;
			buildActionMask = 2147483647;
			files = (
				C8603FCB2B6A83B600C130E5 /* menu.json in Resources */,
				C8603F9E2B6A7D3F00C130E5 /* Preview Assets.xcassets in Resources */,
				C8603F9B2B6A7D3F00C130E5 /* Assets.xcassets in Resources */,
			);
			runOnlyForDeploymentPostprocessing = 0;
		};
		C8603FA12B6A7D3F00C130E5 /* Resources */ = {
			isa = PBXResourcesBuildPhase;
			buildActionMask = 2147483647;
			files = (
			);
			runOnlyForDeploymentPostprocessing = 0;
		};
		C8603FAB2B6A7D3F00C130E5 /* Resources */ = {
			isa = PBXResourcesBuildPhase;
			buildActionMask = 2147483647;
			files = (
			);
			runOnlyForDeploymentPostprocessing = 0;
		};
/* End PBXResourcesBuildPhase section */

/* Begin PBXSourcesBuildPhase section */
		C8603F8F2B6A7D3E00C130E5 /* Sources */ = {
			isa = PBXSourcesBuildPhase;
			buildActionMask = 2147483647;
			files = (
				C8603F992B6A7D3E00C130E5 /* ContentView.swift in Sources */,
				C8603FC62B6A7FD800C130E5 /* FetchMenuModelManager.swift in Sources */,
				C8603FC42B6A7F8800C130E5 /* FoodMenuView.swift in Sources */,
				C8603FCD2B6A8C9E00C130E5 /* FoodMenuViewModel.swift in Sources */,
				C8603F972B6A7D3E00C130E5 /* SwiftUITutorialApp.swift in Sources */,
				C8603FC82B6A815C00C130E5 /* MenuItem.swift in Sources */,
			);
			runOnlyForDeploymentPostprocessing = 0;
		};
		C8603F9F2B6A7D3F00C130E5 /* Sources */ = {
			isa = PBXSourcesBuildPhase;
			buildActionMask = 2147483647;
			files = (
				C8603FA82B6A7D3F00C130E5 /* SwiftUITutorialTests.swift in Sources */,
			);
			runOnlyForDeploymentPostprocessing = 0;
		};
		C8603FA92B6A7D3F00C130E5 /* Sources */ = {
			isa = PBXSourcesBuildPhase;
			buildActionMask = 2147483647;
			files = (
				C8603FB42B6A7D3F00C130E5 /* SwiftUITutorialUITestsLaunchTests.swift in Sources */,
				C8603FB22B6A7D3F00C130E5 /* SwiftUITutorialUITests.swift in Sources */,
			);
			runOnlyForDeploymentPostprocessing = 0;
		};
/* End PBXSourcesBuildPhase section */

/* Begin PBXTargetDependency section */
		C8603FA52B6A7D3F00C130E5 /* PBXTargetDependency */ = {
			isa = PBXTargetDependency;
			target = C8603F922B6A7D3E00C130E5 /* SwiftUITutorial */;
			targetProxy = C8603FA42B6A7D3F00C130E5 /* PBXContainerItemProxy */;
		};
		C8603FAF2B6A7D3F00C130E5 /* PBXTargetDependency */ = {
			isa = PBXTargetDependency;
			target = C8603F922B6A7D3E00C130E5 /* SwiftUITutorial */;
			targetProxy = C8603FAE2B6A7D3F00C130E5 /* PBXContainerItemProxy */;
		};
/* End PBXTargetDependency section */

/* Begin XCBuildConfiguration section */
		C8603FB52B6A7D3F00C130E5 /* Debug */ = {
			isa = XCBuildConfiguration;
			buildSettings = {
				ALWAYS_SEARCH_USER_PATHS = NO;
				ASSETCATALOG_COMPILER_GENERATE_SWIFT_ASSET_SYMBOL_EXTENSIONS = YES;
				CLANG_ANALYZER_NONNULL = YES;
				CLANG_ANALYZER_NUMBER_OBJECT_CONVERSION = YES_AGGRESSIVE;
				CLANG_CXX_LANGUAGE_STANDARD = "gnu++20";
				CLANG_ENABLE_MODULES = YES;
				CLANG_ENABLE_OBJC_ARC = YES;
				CLANG_ENABLE_OBJC_WEAK = YES;
				CLANG_WARN_BLOCK_CAPTURE_AUTORELEASING = YES;
				CLANG_WARN_BOOL_CONVERSION = YES;
				CLANG_WARN_COMMA = YES;
				CLANG_WARN_CONSTANT_CONVERSION = YES;
				CLANG_WARN_DEPRECATED_OBJC_IMPLEMENTATIONS = YES;
				CLANG_WARN_DIRECT_OBJC_ISA_USAGE = YES_ERROR;
				CLANG_WARN_DOCUMENTATION_COMMENTS = YES;
				CLANG_WARN_EMPTY_BODY = YES;
				CLANG_WARN_ENUM_CONVERSION = YES;
				CLANG_WARN_INFINITE_RECURSION = YES;
				CLANG_WARN_INT_CONVERSION = YES;
				CLANG_WARN_NON_LITERAL_NULL_CONVERSION = YES;
				CLANG_WARN_OBJC_IMPLICIT_RETAIN_SELF = YES;
				CLANG_WARN_OBJC_LITERAL_CONVERSION = YES;
				CLANG_WARN_OBJC_ROOT_CLASS = YES_ERROR;
				CLANG_WARN_QUOTED_INCLUDE_IN_FRAMEWORK_HEADER = YES;
				CLANG_WARN_RANGE_LOOP_ANALYSIS = YES;
				CLANG_WARN_STRICT_PROTOTYPES = YES;
				CLANG_WARN_SUSPICIOUS_MOVE = YES;
				CLANG_WARN_UNGUARDED_AVAILABILITY = YES_AGGRESSIVE;
				CLANG_WARN_UNREACHABLE_CODE = YES;
				CLANG_WARN__DUPLICATE_METHOD_MATCH = YES;
				COPY_PHASE_STRIP = NO;
				DEBUG_INFORMATION_FORMAT = dwarf;
				ENABLE_STRICT_OBJC_MSGSEND = YES;
				ENABLE_TESTABILITY = YES;
				ENABLE_USER_SCRIPT_SANDBOXING = YES;
				GCC_C_LANGUAGE_STANDARD = gnu17;
				GCC_DYNAMIC_NO_PIC = NO;
				GCC_NO_COMMON_BLOCKS = YES;
				GCC_OPTIMIZATION_LEVEL = 0;
				GCC_PREPROCESSOR_DEFINITIONS = (
					"DEBUG=1",
					"$(inherited)",
				);
				GCC_WARN_64_TO_32_BIT_CONVERSION = YES;
				GCC_WARN_ABOUT_RETURN_TYPE = YES_ERROR;
				GCC_WARN_UNDECLARED_SELECTOR = YES;
				GCC_WARN_UNINITIALIZED_AUTOS = YES_AGGRESSIVE;
				GCC_WARN_UNUSED_FUNCTION = YES;
				GCC_WARN_UNUSED_VARIABLE = YES;
				IPHONEOS_DEPLOYMENT_TARGET = 17.2;
				LOCALIZATION_PREFERS_STRING_CATALOGS = YES;
				MTL_ENABLE_DEBUG_INFO = INCLUDE_SOURCE;
				MTL_FAST_MATH = YES;
				ONLY_ACTIVE_ARCH = YES;
				SDKROOT = iphoneos;
				SWIFT_ACTIVE_COMPILATION_CONDITIONS = "DEBUG $(inherited)";
				SWIFT_OPTIMIZATION_LEVEL = "-Onone";
			};
			name = Debug;
		};
		C8603FB62B6A7D3F00C130E5 /* Release */ = {
			isa = XCBuildConfiguration;
			buildSettings = {
				ALWAYS_SEARCH_USER_PATHS = NO;
				ASSETCATALOG_COMPILER_GENERATE_SWIFT_ASSET_SYMBOL_EXTENSIONS = YES;
				CLANG_ANALYZER_NONNULL = YES;
				CLANG_ANALYZER_NUMBER_OBJECT_CONVERSION = YES_AGGRESSIVE;
				CLANG_CXX_LANGUAGE_STANDARD = "gnu++20";
				CLANG_ENABLE_MODULES = YES;
				CLANG_ENABLE_OBJC_ARC = YES;
				CLANG_ENABLE_OBJC_WEAK = YES;
				CLANG_WARN_BLOCK_CAPTURE_AUTORELEASING = YES;
				CLANG_WARN_BOOL_CONVERSION = YES;
				CLANG_WARN_COMMA = YES;
				CLANG_WARN_CONSTANT_CONVERSION = YES;
				CLANG_WARN_DEPRECATED_OBJC_IMPLEMENTATIONS = YES;
				CLANG_WARN_DIRECT_OBJC_ISA_USAGE = YES_ERROR;
				CLANG_WARN_DOCUMENTATION_COMMENTS = YES;
				CLANG_WARN_EMPTY_BODY = YES;
				CLANG_WARN_ENUM_CONVERSION = YES;
				CLANG_WARN_INFINITE_RECURSION = YES;
				CLANG_WARN_INT_CONVERSION = YES;
				CLANG_WARN_NON_LITERAL_NULL_CONVERSION = YES;
				CLANG_WARN_OBJC_IMPLICIT_RETAIN_SELF = YES;
				CLANG_WARN_OBJC_LITERAL_CONVERSION = YES;
				CLANG_WARN_OBJC_ROOT_CLASS = YES_ERROR;
				CLANG_WARN_QUOTED_INCLUDE_IN_FRAMEWORK_HEADER = YES;
				CLANG_WARN_RANGE_LOOP_ANALYSIS = YES;
				CLANG_WARN_STRICT_PROTOTYPES = YES;
				CLANG_WARN_SUSPICIOUS_MOVE = YES;
				CLANG_WARN_UNGUARDED_AVAILABILITY = YES_AGGRESSIVE;
				CLANG_WARN_UNREACHABLE_CODE = YES;
				CLANG_WARN__DUPLICATE_METHOD_MATCH = YES;
				COPY_PHASE_STRIP = NO;
				DEBUG_INFORMATION_FORMAT = "dwarf-with-dsym";
				ENABLE_NS_ASSERTIONS = NO;
				ENABLE_STRICT_OBJC_MSGSEND = YES;
				ENABLE_USER_SCRIPT_SANDBOXING = YES;
				GCC_C_LANGUAGE_STANDARD = gnu17;
				GCC_NO_COMMON_BLOCKS = YES;
				GCC_WARN_64_TO_32_BIT_CONVERSION = YES;
				GCC_WARN_ABOUT_RETURN_TYPE = YES_ERROR;
				GCC_WARN_UNDECLARED_SELECTOR = YES;
				GCC_WARN_UNINITIALIZED_AUTOS = YES_AGGRESSIVE;
				GCC_WARN_UNUSED_FUNCTION = YES;
				GCC_WARN_UNUSED_VARIABLE = YES;
				IPHONEOS_DEPLOYMENT_TARGET = 17.2;
				LOCALIZATION_PREFERS_STRING_CATALOGS = YES;
				MTL_ENABLE_DEBUG_INFO = NO;
				MTL_FAST_MATH = YES;
				SDKROOT = iphoneos;
				SWIFT_COMPILATION_MODE = wholemodule;
				VALIDATE_PRODUCT = YES;
			};
			name = Release;
		};
		C8603FB82B6A7D3F00C130E5 /* Debug */ = {
			isa = XCBuildConfiguration;
			buildSettings = {
				ASSETCATALOG_COMPILER_APPICON_NAME = AppIcon;
				ASSETCATALOG_COMPILER_GLOBAL_ACCENT_COLOR_NAME = AccentColor;
				CODE_SIGN_STYLE = Automatic;
				CURRENT_PROJECT_VERSION = 1;
				DEVELOPMENT_ASSET_PATHS = "\"SwiftUITutorial/Preview Content\"";
				DEVELOPMENT_TEAM = 754D9V7QXL;
				ENABLE_PREVIEWS = YES;
				GENERATE_INFOPLIST_FILE = YES;
				INFOPLIST_KEY_UIApplicationSceneManifest_Generation = YES;
				INFOPLIST_KEY_UIApplicationSupportsIndirectInputEvents = YES;
				INFOPLIST_KEY_UILaunchScreen_Generation = YES;
				INFOPLIST_KEY_UISupportedInterfaceOrientations_iPad = "UIInterfaceOrientationPortrait UIInterfaceOrientationPortraitUpsideDown UIInterfaceOrientationLandscapeLeft UIInterfaceOrientationLandscapeRight";
				INFOPLIST_KEY_UISupportedInterfaceOrientations_iPhone = "UIInterfaceOrientationPortrait UIInterfaceOrientationLandscapeLeft UIInterfaceOrientationLandscapeRight";
				LD_RUNPATH_SEARCH_PATHS = (
					"$(inherited)",
					"@executable_path/Frameworks",
				);
				MARKETING_VERSION = 1.0;
				PRODUCT_BUNDLE_IDENTIFIER = RajivSingh.SwiftUITutorial;
				PRODUCT_NAME = "$(TARGET_NAME)";
				SWIFT_EMIT_LOC_STRINGS = YES;
				SWIFT_VERSION = 5.0;
				TARGETED_DEVICE_FAMILY = "1,2";
			};
			name = Debug;
		};
		C8603FB92B6A7D3F00C130E5 /* Release */ = {
			isa = XCBuildConfiguration;
			buildSettings = {
				ASSETCATALOG_COMPILER_APPICON_NAME = AppIcon;
				ASSETCATALOG_COMPILER_GLOBAL_ACCENT_COLOR_NAME = AccentColor;
				CODE_SIGN_STYLE = Automatic;
				CURRENT_PROJECT_VERSION = 1;
				DEVELOPMENT_ASSET_PATHS = "\"SwiftUITutorial/Preview Content\"";
				DEVELOPMENT_TEAM = 754D9V7QXL;
				ENABLE_PREVIEWS = YES;
				GENERATE_INFOPLIST_FILE = YES;
				INFOPLIST_KEY_UIApplicationSceneManifest_Generation = YES;
				INFOPLIST_KEY_UIApplicationSupportsIndirectInputEvents = YES;
				INFOPLIST_KEY_UILaunchScreen_Generation = YES;
				INFOPLIST_KEY_UISupportedInterfaceOrientations_iPad = "UIInterfaceOrientationPortrait UIInterfaceOrientationPortraitUpsideDown UIInterfaceOrientationLandscapeLeft UIInterfaceOrientationLandscapeRight";
				INFOPLIST_KEY_UISupportedInterfaceOrientations_iPhone = "UIInterfaceOrientationPortrait UIInterfaceOrientationLandscapeLeft UIInterfaceOrientationLandscapeRight";
				LD_RUNPATH_SEARCH_PATHS = (
					"$(inherited)",
					"@executable_path/Frameworks",
				);
				MARKETING_VERSION = 1.0;
				PRODUCT_BUNDLE_IDENTIFIER = RajivSingh.SwiftUITutorial;
				PRODUCT_NAME = "$(TARGET_NAME)";
				SWIFT_EMIT_LOC_STRINGS = YES;
				SWIFT_VERSION = 5.0;
				TARGETED_DEVICE_FAMILY = "1,2";
			};
			name = Release;
		};
		C8603FBB2B6A7D3F00C130E5 /* Debug */ = {
			isa = XCBuildConfiguration;
			buildSettings = {
				ALWAYS_EMBED_SWIFT_STANDARD_LIBRARIES = YES;
				BUNDLE_LOADER = "$(TEST_HOST)";
				CODE_SIGN_STYLE = Automatic;
				CURRENT_PROJECT_VERSION = 1;
				DEVELOPMENT_TEAM = 754D9V7QXL;
				GENERATE_INFOPLIST_FILE = YES;
				IPHONEOS_DEPLOYMENT_TARGET = 17.2;
				MARKETING_VERSION = 1.0;
				PRODUCT_BUNDLE_IDENTIFIER = RajivSingh.SwiftUITutorialTests;
				PRODUCT_NAME = "$(TARGET_NAME)";
				SWIFT_EMIT_LOC_STRINGS = NO;
				SWIFT_VERSION = 5.0;
				TARGETED_DEVICE_FAMILY = "1,2";
				TEST_HOST = "$(BUILT_PRODUCTS_DIR)/SwiftUITutorial.app/$(BUNDLE_EXECUTABLE_FOLDER_PATH)/SwiftUITutorial";
			};
			name = Debug;
		};
		C8603FBC2B6A7D3F00C130E5 /* Release */ = {
			isa = XCBuildConfiguration;
			buildSettings = {
				ALWAYS_EMBED_SWIFT_STANDARD_LIBRARIES = YES;
				BUNDLE_LOADER = "$(TEST_HOST)";
				CODE_SIGN_STYLE = Automatic;
				CURRENT_PROJECT_VERSION = 1;
				DEVELOPMENT_TEAM = 754D9V7QXL;
				GENERATE_INFOPLIST_FILE = YES;
				IPHONEOS_DEPLOYMENT_TARGET = 17.2;
				MARKETING_VERSION = 1.0;
				PRODUCT_BUNDLE_IDENTIFIER = RajivSingh.SwiftUITutorialTests;
				PRODUCT_NAME = "$(TARGET_NAME)";
				SWIFT_EMIT_LOC_STRINGS = NO;
				SWIFT_VERSION = 5.0;
				TARGETED_DEVICE_FAMILY = "1,2";
				TEST_HOST = "$(BUILT_PRODUCTS_DIR)/SwiftUITutorial.app/$(BUNDLE_EXECUTABLE_FOLDER_PATH)/SwiftUITutorial";
			};
			name = Release;
		};
		C8603FBE2B6A7D3F00C130E5 /* Debug */ = {
			isa = XCBuildConfiguration;
			buildSettings = {
				ALWAYS_EMBED_SWIFT_STANDARD_LIBRARIES = YES;
				CODE_SIGN_STYLE = Automatic;
				CURRENT_PROJECT_VERSION = 1;
				DEVELOPMENT_TEAM = 754D9V7QXL;
				GENERATE_INFOPLIST_FILE = YES;
				MARKETING_VERSION = 1.0;
				PRODUCT_BUNDLE_IDENTIFIER = RajivSingh.SwiftUITutorialUITests;
				PRODUCT_NAME = "$(TARGET_NAME)";
				SWIFT_EMIT_LOC_STRINGS = NO;
				SWIFT_VERSION = 5.0;
				TARGETED_DEVICE_FAMILY = "1,2";
				TEST_TARGET_NAME = SwiftUITutorial;
			};
			name = Debug;
		};
		C8603FBF2B6A7D3F00C130E5 /* Release */ = {
			isa = XCBuildConfiguration;
			buildSettings = {
				ALWAYS_EMBED_SWIFT_STANDARD_LIBRARIES = YES;
				CODE_SIGN_STYLE = Automatic;
				CURRENT_PROJECT_VERSION = 1;
				DEVELOPMENT_TEAM = 754D9V7QXL;
				GENERATE_INFOPLIST_FILE = YES;
				MARKETING_VERSION = 1.0;
				PRODUCT_BUNDLE_IDENTIFIER = RajivSingh.SwiftUITutorialUITests;
				PRODUCT_NAME = "$(TARGET_NAME)";
				SWIFT_EMIT_LOC_STRINGS = NO;
				SWIFT_VERSION = 5.0;
				TARGETED_DEVICE_FAMILY = "1,2";
				TEST_TARGET_NAME = SwiftUITutorial;
			};
			name = Release;
		};
/* End XCBuildConfiguration section */

/* Begin XCConfigurationList section */
		C8603F8E2B6A7D3E00C130E5 /* Build configuration list for PBXProject "SwiftUITutorial" */ = {
			isa = XCConfigurationList;
			buildConfigurations = (
				C8603FB52B6A7D3F00C130E5 /* Debug */,
				C8603FB62B6A7D3F00C130E5 /* Release */,
			);
			defaultConfigurationIsVisible = 0;
			defaultConfigurationName = Release;
		};
		C8603FB72B6A7D3F00C130E5 /* Build configuration list for PBXNativeTarget "SwiftUITutorial" */ = {
			isa = XCConfigurationList;
			buildConfigurations = (
				C8603FB82B6A7D3F00C130E5 /* Debug */,
				C8603FB92B6A7D3F00C130E5 /* Release */,
			);
			defaultConfigurationIsVisible = 0;
			defaultConfigurationName = Release;
		};
		C8603FBA2B6A7D3F00C130E5 /* Build configuration list for PBXNativeTarget "SwiftUITutorialTests" */ = {
			isa = XCConfigurationList;
			buildConfigurations = (
				C8603FBB2B6A7D3F00C130E5 /* Debug */,
				C8603FBC2B6A7D3F00C130E5 /* Release */,
			);
			defaultConfigurationIsVisible = 0;
			defaultConfigurationName = Release;
		};
		C8603FBD2B6A7D3F00C130E5 /* Build configuration list for PBXNativeTarget "SwiftUITutorialUITests" */ = {
			isa = XCConfigurationList;
			buildConfigurations = (
				C8603FBE2B6A7D3F00C130E5 /* Debug */,
				C8603FBF2B6A7D3F00C130E5 /* Release */,
			);
			defaultConfigurationIsVisible = 0;
			defaultConfigurationName = Release;
		};
/* End XCConfigurationList section */
	};
	rootObject = C8603F8B2B6A7D3E00C130E5 /* Project object */;
}
